
Microsoft Visual Studio Solution File, Format Version 12.00
# Visual Studio Version 17
VisualStudioVersion = 17.1.32328.378
MinimumVisualStudioVersion = 10.0.40219.1
Project("{FAE04EC0-301F-11D3-BF4B-00C04F79EFBC}") = "LiteDB.Studio", "LiteDB.Studio\LiteDB.Studio.csproj", "{0002E0FF-C91F-4B8B-B29B-2A477E184408}"
EndProject
Project("{9A19103F-16F7-4668-BE54-9A1E7A4F7556}") = "LiteDB", "LiteDB\LiteDB\LiteDB.csproj", "{70E32FF1-6E08-4BF0-9C99-33E1F3711DD7}"
EndProject
Global
	GlobalSection(SolutionConfigurationPlatforms) = preSolution
		Debug|Any CPU = Debug|Any CPU
		Release|Any CPU = Release|Any CPU
	EndGlobalSection
	GlobalSection(ProjectConfigurationPlatforms) = postSolution
		{0002E0FF-C91F-4B8B-B29B-2A477E184408}.Debug|Any CPU.ActiveCfg = Debug|Any CPU
		{0002E0FF-C91F-4B8B-B29B-2A477E184408}.Debug|Any CPU.Build.0 = Debug|Any CPU
		{0002E0FF-C91F-4B8B-B29B-2A477E184408}.Release|Any CPU.ActiveCfg = Release|Any CPU
		{0002E0FF-C91F-4B8B-B29B-2A477E184408}.Release|Any CPU.Build.0 = Release|Any CPU
		{70E32FF1-6E08-4BF0-9C99-33E1F3711DD7}.Debug|Any CPU.ActiveCfg = Debug|Any CPU
		{70E32FF1-6E08-4BF0-9C99-33E1F3711DD7}.Debug|Any CPU.Build.0 = Debug|Any CPU
		{70E32FF1-6E08-4BF0-9C99-33E1F3711DD7}.Release|Any CPU.ActiveCfg = Release|Any CPU
		{70E32FF1-6E08-4BF0-9C99-33E1F3711DD7}.Release|Any CPU.Build.0 = Release|Any CPU
	EndGlobalSection
	GlobalSection(SolutionProperties) = preSolution
		HideSolutionNode = FALSE
	EndGlobalSection
	GlobalSection(ExtensibilityGlobals) = postSolution
		SolutionGuid = {B3EA7577-3327-44E1-BA2F-7C59A6FABC0E}
	EndGlobalSection
EndGlobal
