
Microsoft Visual Studio Solution File, Format Version 12.00
# Visual Studio Version 17
VisualStudioVersion = 17.2.32505.173
MinimumVisualStudioVersion = 10.0.40219.1
Project("{9A19103F-16F7-4668-BE54-9A1E7A4F7556}") = "LiteDB.Studio", "LiteDB.Studio\LiteDB.Studio.csproj", "{2ED0BEA8-A4BB-4183-AD47-CCB0A2299EA4}"
EndProject
Global
	GlobalSection(SolutionConfigurationPlatforms) = preSolution
		Debug|Any CPU = Debug|Any CPU
		Release|Any CPU = Release|Any CPU
	EndGlobalSection
	GlobalSection(ProjectConfigurationPlatforms) = postSolution
		{2ED0BEA8-A4BB-4183-AD47-CCB0A2299EA4}.Debug|Any CPU.ActiveCfg = Debug|Any CPU
		{2ED0BEA8-A4BB-4183-AD47-CCB0A2299EA4}.Debug|Any CPU.Build.0 = Debug|Any CPU
		{2ED0BEA8-A4BB-4183-AD47-CCB0A2299EA4}.Release|Any CPU.ActiveCfg = Release|Any CPU
		{2ED0BEA8-A4BB-4183-AD47-CCB0A2299EA4}.Release|Any CPU.Build.0 = Release|Any CPU
	EndGlobalSection
	GlobalSection(SolutionProperties) = preSolution
		HideSolutionNode = FALSE
	EndGlobalSection
	GlobalSection(ExtensibilityGlobals) = postSolution
		SolutionGuid = {B3EA7577-3327-44E1-BA2F-7C59A6FABC0E}
	EndGlobalSection
EndGlobal
